{
  "requires": true,
  "lockfileVersion": 1,
  "dependencies": {
    "@paydock/client-sdk": {
      "version": "1.10.77",
      "resolved": "https://registry.npmjs.org/@paydock/client-sdk/-/client-sdk-1.10.77.tgz",
      "integrity": "sha512-VUXCk1mY4TiDl9aeDpXLx6FXFUCFc5z4p+skGr8m0UyPvmKNijZgLaAtDg9BQ9KS3yz8opdj9HMUDW7RayGFeQ==",
      "requires": {
        "@stripe/stripe-js": "^1.11.0",
        "@types/applepayjs": "^3.0.1"
      }
    },
    "@stripe/stripe-js": {
      "version": "1.22.0",
      "resolved": "https://registry.npmjs.org/@stripe/stripe-js/-/stripe-js-1.22.0.tgz",
      "integrity": "sha512-fm8TR8r4LwbXgBIYdPmeMjJJkxxFC66tvoliNnmXOpUgZSgQKoNPW3ON0ZphZIiif1oqWNhAaSrr7tOvGu+AFg=="
    },
    "@types/applepayjs": {
      "version": "3.0.3",
      "resolved": "https://registry.npmjs.org/@types/applepayjs/-/applepayjs-3.0.3.tgz",
      "integrity": "sha512-8hHE87c/JN/BebRDYzkOWIuTkuB1JHaQUEaQd1atNn/9FQb6s9iEpptAcugxbvQL1ykE0czQgEkUAyVVtR8Jzw=="
    }
  }
}
